
Microsoft Visual Studio Solution File, Format Version 12.00
# Visual Studio 14
VisualStudioVersion = 14.0.25420.1
MinimumVisualStudioVersion = 10.0.40219.1
Project("{FAE04EC0-301F-11D3-BF4B-00C04F79EFBC}") = "01_Parallel_For", "01_Parallel_For\01_Parallel_For.csproj", "{D20185FC-955F-4D3C-95B4-59664709AD30}"
EndProject
Project("{FAE04EC0-301F-11D3-BF4B-00C04F79EFBC}") = "02_MultiplyMatrices", "02_MultiplyMatrices\02_MultiplyMatrices.csproj", "{D15BE7B4-46A5-4FAD-82A3-E9D389842BEA}"
EndProject
Project("{FAE04EC0-301F-11D3-BF4B-00C04F79EFBC}") = "03_FlipImage", "03_FlipImage\03_FlipImage.csproj", "{D22BDBF5-5261-4012-AADD-4AC4EEE40AB5}"
EndProject
Project("{FAE04EC0-301F-11D3-BF4B-00C04F79EFBC}") = "04_ThreadLocal", "04_ThreadLocal\04_ThreadLocal.csproj", "{61B74B50-C8A1-4919-A128-7010F00B5C2F}"
EndProject
Project("{FAE04EC0-301F-11D3-BF4B-00C04F79EFBC}") = "011_ParallelInvoke", "011_ParallelInvoke\011_ParallelInvoke.csproj", "{4D99DA78-E50F-4C04-8CC5-8E6889EEFF2D}"
EndProject
Project("{FAE04EC0-301F-11D3-BF4B-00C04F79EFBC}") = "05_CancelParallelLoops", "05_CancelParallelLoops\05_CancelParallelLoops.csproj", "{40C67157-44D6-43EC-A7D8-1EAEAA4C3E81}"
EndProject
Project("{FAE04EC0-301F-11D3-BF4B-00C04F79EFBC}") = "06_Exception", "06_Exception\06_Exception.csproj", "{C56614FD-5984-4288-ACD2-B380305E80FD}"
EndProject
Project("{FAE04EC0-301F-11D3-BF4B-00C04F79EFBC}") = "07_SmallLoopBody", "07_SmallLoopBody\07_SmallLoopBody.csproj", "{7009A923-E70E-4BCC-A6F5-553D00E38143}"
EndProject
Project("{FAE04EC0-301F-11D3-BF4B-00C04F79EFBC}") = "08_ParallelDir", "08_ParallelDir\08_ParallelDir.csproj", "{9347716C-8546-453C-9EA7-D73F8313E9D5}"
EndProject
Project("{FAE04EC0-301F-11D3-BF4B-00C04F79EFBC}") = "09_MultiTasks", "09_MultiTasks\09_MultiTasks.csproj", "{5B721532-C9BD-4A75-9423-1E4898AB2343}"
EndProject
Project("{FAE04EC0-301F-11D3-BF4B-00C04F79EFBC}") = "10_LambdaCapture", "10_LambdaCapture\10_LambdaCapture.csproj", "{BFE51D7B-8441-4289-886D-2DFC0D5E2CC7}"
EndProject
Project("{FAE04EC0-301F-11D3-BF4B-00C04F79EFBC}") = "11_TaskContinue", "11_TaskContinue\11_TaskContinue.csproj", "{E29FC0B2-9E81-4763-AC8D-D214BDBB5D9D}"
EndProject
Project("{FAE04EC0-301F-11D3-BF4B-00C04F79EFBC}") = "12_TaskReturn", "12_TaskReturn\12_TaskReturn.csproj", "{368110DE-A0E6-411F-9C66-23B1CF2BD3DD}"
EndProject
Project("{FAE04EC0-301F-11D3-BF4B-00C04F79EFBC}") = "13_CancelTask", "13_CancelTask\13_CancelTask.csproj", "{6FA519B7-41B6-4B0E-AA1F-CD5B933AC884}"
EndProject
Project("{FAE04EC0-301F-11D3-BF4B-00C04F79EFBC}") = "14_CatchedDownload", "14_CatchedDownload\14_CatchedDownload.csproj", "{F476C264-D2CB-44F4-ADA8-C767500D9135}"
EndProject
Project("{FAE04EC0-301F-11D3-BF4B-00C04F79EFBC}") = "140_CachedDownloader2", "140_CachedDownloader2\140_CachedDownloader2.csproj", "{5F00C3D4-236B-499D-A1C7-A2FD5F50503D}"
EndProject
Project("{FAE04EC0-301F-11D3-BF4B-00C04F79EFBC}") = "141_CachedDownLoad3", "141_CachedDownLoad3\141_CachedDownLoad3.csproj", "{503DACFF-F4D6-4E4F-956A-BBCF7F0698D5}"
EndProject
Project("{FAE04EC0-301F-11D3-BF4B-00C04F79EFBC}") = "142_CachedDownloader1", "142_CachedDownloader1\142_CachedDownloader1.csproj", "{00098893-A306-4422-8AC0-E9A32938E1B8}"
EndProject
Project("{FAE04EC0-301F-11D3-BF4B-00C04F79EFBC}") = "16_ConsoelContext", "16_ConsoelContext\16_ConsoelContext.csproj", "{164CFA18-A3E5-463B-B637-4CA7FE3B3F8F}"
EndProject
Project("{FAE04EC0-301F-11D3-BF4B-00C04F79EFBC}") = "17_TaskCompletionSource", "17_TaskCompletionSource\17_TaskCompletionSource.csproj", "{1BE9CD35-415D-4ED7-9766-64D7884F54C1}"
EndProject
Project("{FAE04EC0-301F-11D3-BF4B-00C04F79EFBC}") = "18_UnWrap", "18_UnWrap\18_UnWrap.csproj", "{9579F803-0550-4999-9118-62A1D13B251D}"
EndProject
Project("{FAE04EC0-301F-11D3-BF4B-00C04F79EFBC}") = "19_PureAsync", "19_PureAsync\19_PureAsync.csproj", "{BE0DE124-8D74-4F07-8642-2E89DE103B92}"
EndProject
Project("{2150E333-8FDC-42A3-9474-1A3956D46DE8}") = "15_AsyncMisc", "15_AsyncMisc", "{9250B291-9C4F-40E7-8F19-4DD4BEC2DCE4}"
EndProject
Project("{FAE04EC0-301F-11D3-BF4B-00C04F79EFBC}") = "152_UIDownMulti1by1", "15_AsyncMisc\AsyncWalkthrough\152_UIDownMulti1by1.csproj", "{C572A524-3958-47D9-B0DE-EC81EC0B7757}"
EndProject
Project("{FAE04EC0-301F-11D3-BF4B-00C04F79EFBC}") = "153_UIDownMulti", "15_AsyncMisc\AsyncWalkthrough_HttpClient\153_UIDownMulti.csproj", "{564706CB-FDD3-4F35-B7E2-B3B6A3CC91FE}"
EndProject
Project("{FAE04EC0-301F-11D3-BF4B-00C04F79EFBC}") = "154_UIDownMultiCancelAfter1Task", "15_AsyncMisc\CancelAfterOneTask\154_UIDownMultiCancelAfter1Task.csproj", "{2506556B-4900-475C-A6B2-0A306DD4F458}"
EndProject
Project("{FAE04EC0-301F-11D3-BF4B-00C04F79EFBC}") = "155_UIDownMultiCancelAfterTime", "15_AsyncMisc\CancelAfterTime\155_UIDownMultiCancelAfterTime.csproj", "{B633FA9F-6874-47C0-B1E4-9C2D68BCDF02}"
EndProject
Project("{FAE04EC0-301F-11D3-BF4B-00C04F79EFBC}") = "156_UIDownMultiCancelByClick", "15_AsyncMisc\CancelAListOfTasks\156_UIDownMultiCancelByClick.csproj", "{58E5CE0B-4AA6-4CC5-B8A9-71811B9FD028}"
EndProject
Project("{FAE04EC0-301F-11D3-BF4B-00C04F79EFBC}") = "1511_UIDownLoadCancelByClick", "15_AsyncMisc\CancelATask\1511_UIDownLoadCancelByClick.csproj", "{9E749B36-C270-44AA-813E-6A4E96A60C68}"
EndProject
Project("{FAE04EC0-301F-11D3-BF4B-00C04F79EFBC}") = "158_ConsoleDeadLock", "15_AsyncMisc\ConsoleDeadLock\158_ConsoleDeadLock.csproj", "{3953867A-205B-40D7-8B5B-58EC60B4737A}"
EndProject
Project("{FAE04EC0-301F-11D3-BF4B-00C04F79EFBC}") = "157_UIDownMulti_Process", "15_AsyncMisc\ProcessTasksAsTheyFinish\157_UIDownMulti_Process.csproj", "{3933903A-1102-4A1D-AF2E-C933650ED302}"
EndProject
Project("{FAE04EC0-301F-11D3-BF4B-00C04F79EFBC}") = "150_UIDownSingle1", "15_AsyncMisc\StarterCode\150_UIDownSingle1.csproj", "{32876BA4-531C-4E4C-91DF-64407B34A6BA}"
EndProject
Project("{FAE04EC0-301F-11D3-BF4B-00C04F79EFBC}") = "150_UIDownSingle0Sync", "15_AsyncMisc\SyncWalkthrough\150_UIDownSingle0Sync.csproj", "{B7961F7B-DBCA-4B16-8056-48E0B9FA7170}"
EndProject
Project("{FAE04EC0-301F-11D3-BF4B-00C04F79EFBC}") = "150_UIDownSingle2", "15_AsyncMisc\Async1\150_UIDownSingle2.csproj", "{44B3DA2A-2CFD-4DC2-BFC6-CD06DA23A8E3}"
EndProject
Project("{FAE04EC0-301F-11D3-BF4B-00C04F79EFBC}") = "151_UIDownLoadSingleTraced", "15_AsyncMisc\Async2\151_UIDownLoadSingleTraced.csproj", "{DB7ECECD-928D-4070-881A-CF63F6211A02}"
EndProject
Project("{2150E333-8FDC-42A3-9474-1A3956D46DE8}") = "Async", "Async", "{06CAE200-3DC1-47C0-9AE6-75A0211CE864}"
EndProject
Project("{2150E333-8FDC-42A3-9474-1A3956D46DE8}") = "TaskBasic", "TaskBasic", "{A10CA022-3550-4080-BD74-7CAD5284904B}"
EndProject
Project("{2150E333-8FDC-42A3-9474-1A3956D46DE8}") = "Parallel", "Parallel", "{F7B708AD-0C18-4676-824F-E67092F7C060}"
EndProject
Project("{FAE04EC0-301F-11D3-BF4B-00C04F79EFBC}") = "21_UIDeadLock", "15_AsyncMisc\UIDeadLock\21_UIDeadLock.csproj", "{DBB29012-86A8-40E9-A023-B89A66F103CB}"
EndProject
Project("{FAE04EC0-301F-11D3-BF4B-00C04F79EFBC}") = "20_ReturnType1", "15_AsyncMisc\ReturnType1\20_ReturnType1.csproj", "{050E1451-AF71-45D0-929D-81ABFFE12AB8}"
EndProject
Project("{FAE04EC0-301F-11D3-BF4B-00C04F79EFBC}") = "22_PipeSvrClient", "22_PipeSvrClient\22_PipeSvrClient.csproj", "{3894AF59-0D10-4357-8AC9-B8DC075A2C6C}"
EndProject
Project("{FAE04EC0-301F-11D3-BF4B-00C04F79EFBC}") = "GTools", "GTools\GTools.csproj", "{4118BBD7-61EA-476C-8F13-573B5CD59258}"
EndProject
Project("{FAE04EC0-301F-11D3-BF4B-00C04F79EFBC}") = "23_AsyncCache", "AsyncCache\23_AsyncCache.csproj", "{03F0FBCA-A6D2-455B-AE34-90506FE97557}"
EndProject
Project("{2150E333-8FDC-42A3-9474-1A3956D46DE8}") = "DataFlow", "DataFlow", "{857A18AA-8199-463D-BEDB-C8B0AD258B9C}"
EndProject
Project("{FAE04EC0-301F-11D3-BF4B-00C04F79EFBC}") = "40_DataflowProducerConsumer", "DataFlow\40_DataflowProducerConsumer\40_DataflowProducerConsumer.csproj", "{F865451D-EF4F-49B2-8A94-5A05624CA4D3}"
EndProject
Project("{FAE04EC0-301F-11D3-BF4B-00C04F79EFBC}") = "41_DataflowExecutionBlocks", "41_DataflowExecutionBlocks\41_DataflowExecutionBlocks.csproj", "{23BF5EA4-FA0C-4170-AE06-09C979A9216A}"
EndProject
Project("{FAE04EC0-301F-11D3-BF4B-00C04F79EFBC}") = "42_DataflowExecutionBlocksAsync", "DataFlow\42_DataflowExecutionBlocksAsync\42_DataflowExecutionBlocksAsync.csproj", "{D084AF0B-1A28-49B3-8867-B78890BA825F}"
EndProject
Project("{FAE04EC0-301F-11D3-BF4B-00C04F79EFBC}") = "43_DataFlowPipeLine", "DataFlow\43_DataFlowPipeLine\43_DataFlowPipeLine.csproj", "{63F60389-B23F-4EE4-89B0-F375E9638EDF}"
EndProject
Project("{FAE04EC0-301F-11D3-BF4B-00C04F79EFBC}") = "44_DataFlowUnLink", "DataFlow\44_UnLink\44_DataFlowUnLink.csproj", "{F4F8F498-C161-4FCD-A9F2-44E9D3D80996}"
EndProject
Project("{FAE04EC0-301F-11D3-BF4B-00C04F79EFBC}") = "45_DataFlowCompositeImages", "DataFlow\45_DataFlowCompositeImages\45_DataFlowCompositeImages.csproj", "{41497D28-4D3A-4677-8B2E-B010DB1A5C6D}"
EndProject
Project("{FAE04EC0-301F-11D3-BF4B-00C04F79EFBC}") = "46_DataFlowCancellationWinForms", "DataFlow\CancellationWinForms\46_DataFlowCancellationWinForms.csproj", "{2F05D043-A209-4A93-B42F-4BD3131D8975}"
EndProject
Project("{FAE04EC0-301F-11D3-BF4B-00C04F79EFBC}") = "47_DataFlowCustom", "DataFlow\47_DataFlowCustom\47_DataFlowCustom.csproj", "{2101029F-215D-4E80-A65A-DA25D43BC108}"
EndProject
Project("{FAE04EC0-301F-11D3-BF4B-00C04F79EFBC}") = "48_DataFlowJoinBlock", "DataFlow\DataFlowJoinBlock\48_DataFlowJoinBlock.csproj", "{8BE233E4-7F46-452D-A231-DE20CF40A96E}"
EndProject
Project("{FAE04EC0-301F-11D3-BF4B-00C04F79EFBC}") = "49_DataFlowJoinBlockG", "DataFlow\DataFlowJoinBlockG\49_DataFlowJoinBlockG.csproj", "{FCBDD7F9-581C-474E-9AE6-4E7374C14A68}"
EndProject
Project("{FAE04EC0-301F-11D3-BF4B-00C04F79EFBC}") = "50_DataFlowParallelism", "DataFlow\DataFlowParallelism\50_DataFlowParallelism.csproj", "{E3C37C84-B44F-4235-98A0-7902B5E4E27F}"
EndProject
Project("{FAE04EC0-301F-11D3-BF4B-00C04F79EFBC}") = "51_DataFlowTaskSchduler", "DataFlow\TaskSchduler\51_DataFlowTaskSchduler.csproj", "{DD2D0D55-269E-44B0-A387-DEC6E6B70A1C}"
EndProject
Project("{FAE04EC0-301F-11D3-BF4B-00C04F79EFBC}") = "52_DataflowBatchDatabase", "DataFlow\DataflowBatchDatabase\52_DataflowBatchDatabase.csproj", "{D61235E8-B495-4A3A-91F5-C220FC5BC0D1}"
EndProject
Project("{2150E333-8FDC-42A3-9474-1A3956D46DE8}") = "Rx", "Rx", "{340999FF-C276-427D-B83A-A120388FB6D8}"
EndProject
Project("{FAE04EC0-301F-11D3-BF4B-00C04F79EFBC}") = "60_RxStudy", "Rx\RxStudy\60_RxStudy.csproj", "{24CD0317-304B-4B0E-B531-17B85CFA0B3C}"
EndProject
Project("{FAE04EC0-301F-11D3-BF4B-00C04F79EFBC}") = "61_RxWin", "Rx\RxWin\61_RxWin.csproj", "{09F6A3B9-F598-448E-9863-81748CD645C2}"
EndProject
Project("{FAE04EC0-301F-11D3-BF4B-00C04F79EFBC}") = "RxWPF", "Rx\RxWPF\RxWPF.csproj", "{5433C507-3A62-4396-B58D-3AD93FD514F2}"
EndProject
Project("{FAE04EC0-301F-11D3-BF4B-00C04F79EFBC}") = "70_CLR_VIA_C_Ch28-IOOpsGWPF", "70_CLR_VIA_C#Ch28-IOOpsGWPF\70_CLR_VIA_C_Ch28-IOOpsGWPF.csproj", "{FB100CF6-ADBC-4E52-AC05-0D9A46A0AFBF}"
EndProject
Global
	GlobalSection(SolutionConfigurationPlatforms) = preSolution
		Debug|Any CPU = Debug|Any CPU
		Release|Any CPU = Release|Any CPU
	EndGlobalSection
	GlobalSection(ProjectConfigurationPlatforms) = postSolution
		{D20185FC-955F-4D3C-95B4-59664709AD30}.Debug|Any CPU.ActiveCfg = Debug|Any CPU
		{D20185FC-955F-4D3C-95B4-59664709AD30}.Debug|Any CPU.Build.0 = Debug|Any CPU
		{D20185FC-955F-4D3C-95B4-59664709AD30}.Release|Any CPU.ActiveCfg = Release|Any CPU
		{D20185FC-955F-4D3C-95B4-59664709AD30}.Release|Any CPU.Build.0 = Release|Any CPU
		{D15BE7B4-46A5-4FAD-82A3-E9D389842BEA}.Debug|Any CPU.ActiveCfg = Debug|Any CPU
		{D15BE7B4-46A5-4FAD-82A3-E9D389842BEA}.Debug|Any CPU.Build.0 = Debug|Any CPU
		{D15BE7B4-46A5-4FAD-82A3-E9D389842BEA}.Release|Any CPU.ActiveCfg = Release|Any CPU
		{D15BE7B4-46A5-4FAD-82A3-E9D389842BEA}.Release|Any CPU.Build.0 = Release|Any CPU
		{D22BDBF5-5261-4012-AADD-4AC4EEE40AB5}.Debug|Any CPU.ActiveCfg = Debug|Any CPU
		{D22BDBF5-5261-4012-AADD-4AC4EEE40AB5}.Debug|Any CPU.Build.0 = Debug|Any CPU
		{D22BDBF5-5261-4012-AADD-4AC4EEE40AB5}.Release|Any CPU.ActiveCfg = Release|Any CPU
		{D22BDBF5-5261-4012-AADD-4AC4EEE40AB5}.Release|Any CPU.Build.0 = Release|Any CPU
		{61B74B50-C8A1-4919-A128-7010F00B5C2F}.Debug|Any CPU.ActiveCfg = Debug|Any CPU
		{61B74B50-C8A1-4919-A128-7010F00B5C2F}.Debug|Any CPU.Build.0 = Debug|Any CPU
		{61B74B50-C8A1-4919-A128-7010F00B5C2F}.Release|Any CPU.ActiveCfg = Release|Any CPU
		{61B74B50-C8A1-4919-A128-7010F00B5C2F}.Release|Any CPU.Build.0 = Release|Any CPU
		{4D99DA78-E50F-4C04-8CC5-8E6889EEFF2D}.Debug|Any CPU.ActiveCfg = Debug|Any CPU
		{4D99DA78-E50F-4C04-8CC5-8E6889EEFF2D}.Debug|Any CPU.Build.0 = Debug|Any CPU
		{4D99DA78-E50F-4C04-8CC5-8E6889EEFF2D}.Release|Any CPU.ActiveCfg = Release|Any CPU
		{4D99DA78-E50F-4C04-8CC5-8E6889EEFF2D}.Release|Any CPU.Build.0 = Release|Any CPU
		{40C67157-44D6-43EC-A7D8-1EAEAA4C3E81}.Debug|Any CPU.ActiveCfg = Debug|Any CPU
		{40C67157-44D6-43EC-A7D8-1EAEAA4C3E81}.Debug|Any CPU.Build.0 = Debug|Any CPU
		{40C67157-44D6-43EC-A7D8-1EAEAA4C3E81}.Release|Any CPU.ActiveCfg = Release|Any CPU
		{40C67157-44D6-43EC-A7D8-1EAEAA4C3E81}.Release|Any CPU.Build.0 = Release|Any CPU
		{C56614FD-5984-4288-ACD2-B380305E80FD}.Debug|Any CPU.ActiveCfg = Debug|Any CPU
		{C56614FD-5984-4288-ACD2-B380305E80FD}.Debug|Any CPU.Build.0 = Debug|Any CPU
		{C56614FD-5984-4288-ACD2-B380305E80FD}.Release|Any CPU.ActiveCfg = Release|Any CPU
		{C56614FD-5984-4288-ACD2-B380305E80FD}.Release|Any CPU.Build.0 = Release|Any CPU
		{7009A923-E70E-4BCC-A6F5-553D00E38143}.Debug|Any CPU.ActiveCfg = Debug|Any CPU
		{7009A923-E70E-4BCC-A6F5-553D00E38143}.Debug|Any CPU.Build.0 = Debug|Any CPU
		{7009A923-E70E-4BCC-A6F5-553D00E38143}.Release|Any CPU.ActiveCfg = Release|Any CPU
		{7009A923-E70E-4BCC-A6F5-553D00E38143}.Release|Any CPU.Build.0 = Release|Any CPU
		{9347716C-8546-453C-9EA7-D73F8313E9D5}.Debug|Any CPU.ActiveCfg = Debug|Any CPU
		{9347716C-8546-453C-9EA7-D73F8313E9D5}.Debug|Any CPU.Build.0 = Debug|Any CPU
		{9347716C-8546-453C-9EA7-D73F8313E9D5}.Release|Any CPU.ActiveCfg = Release|Any CPU
		{9347716C-8546-453C-9EA7-D73F8313E9D5}.Release|Any CPU.Build.0 = Release|Any CPU
		{5B721532-C9BD-4A75-9423-1E4898AB2343}.Debug|Any CPU.ActiveCfg = Debug|Any CPU
		{5B721532-C9BD-4A75-9423-1E4898AB2343}.Debug|Any CPU.Build.0 = Debug|Any CPU
		{5B721532-C9BD-4A75-9423-1E4898AB2343}.Release|Any CPU.ActiveCfg = Release|Any CPU
		{5B721532-C9BD-4A75-9423-1E4898AB2343}.Release|Any CPU.Build.0 = Release|Any CPU
		{BFE51D7B-8441-4289-886D-2DFC0D5E2CC7}.Debug|Any CPU.ActiveCfg = Debug|Any CPU
		{BFE51D7B-8441-4289-886D-2DFC0D5E2CC7}.Debug|Any CPU.Build.0 = Debug|Any CPU
		{BFE51D7B-8441-4289-886D-2DFC0D5E2CC7}.Release|Any CPU.ActiveCfg = Release|Any CPU
		{BFE51D7B-8441-4289-886D-2DFC0D5E2CC7}.Release|Any CPU.Build.0 = Release|Any CPU
		{E29FC0B2-9E81-4763-AC8D-D214BDBB5D9D}.Debug|Any CPU.ActiveCfg = Debug|Any CPU
		{E29FC0B2-9E81-4763-AC8D-D214BDBB5D9D}.Debug|Any CPU.Build.0 = Debug|Any CPU
		{E29FC0B2-9E81-4763-AC8D-D214BDBB5D9D}.Release|Any CPU.ActiveCfg = Release|Any CPU
		{E29FC0B2-9E81-4763-AC8D-D214BDBB5D9D}.Release|Any CPU.Build.0 = Release|Any CPU
		{368110DE-A0E6-411F-9C66-23B1CF2BD3DD}.Debug|Any CPU.ActiveCfg = Debug|Any CPU
		{368110DE-A0E6-411F-9C66-23B1CF2BD3DD}.Debug|Any CPU.Build.0 = Debug|Any CPU
		{368110DE-A0E6-411F-9C66-23B1CF2BD3DD}.Release|Any CPU.ActiveCfg = Release|Any CPU
		{368110DE-A0E6-411F-9C66-23B1CF2BD3DD}.Release|Any CPU.Build.0 = Release|Any CPU
		{6FA519B7-41B6-4B0E-AA1F-CD5B933AC884}.Debug|Any CPU.ActiveCfg = Debug|Any CPU
		{6FA519B7-41B6-4B0E-AA1F-CD5B933AC884}.Debug|Any CPU.Build.0 = Debug|Any CPU
		{6FA519B7-41B6-4B0E-AA1F-CD5B933AC884}.Release|Any CPU.ActiveCfg = Release|Any CPU
		{6FA519B7-41B6-4B0E-AA1F-CD5B933AC884}.Release|Any CPU.Build.0 = Release|Any CPU
		{F476C264-D2CB-44F4-ADA8-C767500D9135}.Debug|Any CPU.ActiveCfg = Debug|Any CPU
		{F476C264-D2CB-44F4-ADA8-C767500D9135}.Debug|Any CPU.Build.0 = Debug|Any CPU
		{F476C264-D2CB-44F4-ADA8-C767500D9135}.Release|Any CPU.ActiveCfg = Release|Any CPU
		{F476C264-D2CB-44F4-ADA8-C767500D9135}.Release|Any CPU.Build.0 = Release|Any CPU
		{5F00C3D4-236B-499D-A1C7-A2FD5F50503D}.Debug|Any CPU.ActiveCfg = Debug|Any CPU
		{5F00C3D4-236B-499D-A1C7-A2FD5F50503D}.Debug|Any CPU.Build.0 = Debug|Any CPU
		{5F00C3D4-236B-499D-A1C7-A2FD5F50503D}.Release|Any CPU.ActiveCfg = Release|Any CPU
		{5F00C3D4-236B-499D-A1C7-A2FD5F50503D}.Release|Any CPU.Build.0 = Release|Any CPU
		{503DACFF-F4D6-4E4F-956A-BBCF7F0698D5}.Debug|Any CPU.ActiveCfg = Debug|Any CPU
		{503DACFF-F4D6-4E4F-956A-BBCF7F0698D5}.Debug|Any CPU.Build.0 = Debug|Any CPU
		{503DACFF-F4D6-4E4F-956A-BBCF7F0698D5}.Release|Any CPU.ActiveCfg = Release|Any CPU
		{503DACFF-F4D6-4E4F-956A-BBCF7F0698D5}.Release|Any CPU.Build.0 = Release|Any CPU
		{00098893-A306-4422-8AC0-E9A32938E1B8}.Debug|Any CPU.ActiveCfg = Debug|Any CPU
		{00098893-A306-4422-8AC0-E9A32938E1B8}.Debug|Any CPU.Build.0 = Debug|Any CPU
		{00098893-A306-4422-8AC0-E9A32938E1B8}.Release|Any CPU.ActiveCfg = Release|Any CPU
		{00098893-A306-4422-8AC0-E9A32938E1B8}.Release|Any CPU.Build.0 = Release|Any CPU
		{164CFA18-A3E5-463B-B637-4CA7FE3B3F8F}.Debug|Any CPU.ActiveCfg = Debug|Any CPU
		{164CFA18-A3E5-463B-B637-4CA7FE3B3F8F}.Debug|Any CPU.Build.0 = Debug|Any CPU
		{164CFA18-A3E5-463B-B637-4CA7FE3B3F8F}.Release|Any CPU.ActiveCfg = Release|Any CPU
		{164CFA18-A3E5-463B-B637-4CA7FE3B3F8F}.Release|Any CPU.Build.0 = Release|Any CPU
		{1BE9CD35-415D-4ED7-9766-64D7884F54C1}.Debug|Any CPU.ActiveCfg = Debug|Any CPU
		{1BE9CD35-415D-4ED7-9766-64D7884F54C1}.Debug|Any CPU.Build.0 = Debug|Any CPU
		{1BE9CD35-415D-4ED7-9766-64D7884F54C1}.Release|Any CPU.ActiveCfg = Release|Any CPU
		{1BE9CD35-415D-4ED7-9766-64D7884F54C1}.Release|Any CPU.Build.0 = Release|Any CPU
		{9579F803-0550-4999-9118-62A1D13B251D}.Debug|Any CPU.ActiveCfg = Debug|Any CPU
		{9579F803-0550-4999-9118-62A1D13B251D}.Debug|Any CPU.Build.0 = Debug|Any CPU
		{9579F803-0550-4999-9118-62A1D13B251D}.Release|Any CPU.ActiveCfg = Release|Any CPU
		{9579F803-0550-4999-9118-62A1D13B251D}.Release|Any CPU.Build.0 = Release|Any CPU
		{BE0DE124-8D74-4F07-8642-2E89DE103B92}.Debug|Any CPU.ActiveCfg = Debug|Any CPU
		{BE0DE124-8D74-4F07-8642-2E89DE103B92}.Debug|Any CPU.Build.0 = Debug|Any CPU
		{BE0DE124-8D74-4F07-8642-2E89DE103B92}.Release|Any CPU.ActiveCfg = Release|Any CPU
		{BE0DE124-8D74-4F07-8642-2E89DE103B92}.Release|Any CPU.Build.0 = Release|Any CPU
		{C572A524-3958-47D9-B0DE-EC81EC0B7757}.Debug|Any CPU.ActiveCfg = Debug|Any CPU
		{C572A524-3958-47D9-B0DE-EC81EC0B7757}.Debug|Any CPU.Build.0 = Debug|Any CPU
		{C572A524-3958-47D9-B0DE-EC81EC0B7757}.Release|Any CPU.ActiveCfg = Release|Any CPU
		{C572A524-3958-47D9-B0DE-EC81EC0B7757}.Release|Any CPU.Build.0 = Release|Any CPU
		{564706CB-FDD3-4F35-B7E2-B3B6A3CC91FE}.Debug|Any CPU.ActiveCfg = Debug|Any CPU
		{564706CB-FDD3-4F35-B7E2-B3B6A3CC91FE}.Debug|Any CPU.Build.0 = Debug|Any CPU
		{564706CB-FDD3-4F35-B7E2-B3B6A3CC91FE}.Release|Any CPU.ActiveCfg = Release|Any CPU
		{564706CB-FDD3-4F35-B7E2-B3B6A3CC91FE}.Release|Any CPU.Build.0 = Release|Any CPU
		{2506556B-4900-475C-A6B2-0A306DD4F458}.Debug|Any CPU.ActiveCfg = Debug|Any CPU
		{2506556B-4900-475C-A6B2-0A306DD4F458}.Debug|Any CPU.Build.0 = Debug|Any CPU
		{2506556B-4900-475C-A6B2-0A306DD4F458}.Release|Any CPU.ActiveCfg = Release|Any CPU
		{2506556B-4900-475C-A6B2-0A306DD4F458}.Release|Any CPU.Build.0 = Release|Any CPU
		{B633FA9F-6874-47C0-B1E4-9C2D68BCDF02}.Debug|Any CPU.ActiveCfg = Debug|Any CPU
		{B633FA9F-6874-47C0-B1E4-9C2D68BCDF02}.Debug|Any CPU.Build.0 = Debug|Any CPU
		{B633FA9F-6874-47C0-B1E4-9C2D68BCDF02}.Release|Any CPU.ActiveCfg = Release|Any CPU
		{B633FA9F-6874-47C0-B1E4-9C2D68BCDF02}.Release|Any CPU.Build.0 = Release|Any CPU
		{58E5CE0B-4AA6-4CC5-B8A9-71811B9FD028}.Debug|Any CPU.ActiveCfg = Debug|Any CPU
		{58E5CE0B-4AA6-4CC5-B8A9-71811B9FD028}.Debug|Any CPU.Build.0 = Debug|Any CPU
		{58E5CE0B-4AA6-4CC5-B8A9-71811B9FD028}.Release|Any CPU.ActiveCfg = Release|Any CPU
		{58E5CE0B-4AA6-4CC5-B8A9-71811B9FD028}.Release|Any CPU.Build.0 = Release|Any CPU
		{9E749B36-C270-44AA-813E-6A4E96A60C68}.Debug|Any CPU.ActiveCfg = Debug|Any CPU
		{9E749B36-C270-44AA-813E-6A4E96A60C68}.Debug|Any CPU.Build.0 = Debug|Any CPU
		{9E749B36-C270-44AA-813E-6A4E96A60C68}.Release|Any CPU.ActiveCfg = Release|Any CPU
		{9E749B36-C270-44AA-813E-6A4E96A60C68}.Release|Any CPU.Build.0 = Release|Any CPU
		{3953867A-205B-40D7-8B5B-58EC60B4737A}.Debug|Any CPU.ActiveCfg = Debug|Any CPU
		{3953867A-205B-40D7-8B5B-58EC60B4737A}.Debug|Any CPU.Build.0 = Debug|Any CPU
		{3953867A-205B-40D7-8B5B-58EC60B4737A}.Release|Any CPU.ActiveCfg = Release|Any CPU
		{3953867A-205B-40D7-8B5B-58EC60B4737A}.Release|Any CPU.Build.0 = Release|Any CPU
		{3933903A-1102-4A1D-AF2E-C933650ED302}.Debug|Any CPU.ActiveCfg = Debug|Any CPU
		{3933903A-1102-4A1D-AF2E-C933650ED302}.Debug|Any CPU.Build.0 = Debug|Any CPU
		{3933903A-1102-4A1D-AF2E-C933650ED302}.Release|Any CPU.ActiveCfg = Release|Any CPU
		{3933903A-1102-4A1D-AF2E-C933650ED302}.Release|Any CPU.Build.0 = Release|Any CPU
		{32876BA4-531C-4E4C-91DF-64407B34A6BA}.Debug|Any CPU.ActiveCfg = Debug|Any CPU
		{32876BA4-531C-4E4C-91DF-64407B34A6BA}.Debug|Any CPU.Build.0 = Debug|Any CPU
		{32876BA4-531C-4E4C-91DF-64407B34A6BA}.Release|Any CPU.ActiveCfg = Release|Any CPU
		{32876BA4-531C-4E4C-91DF-64407B34A6BA}.Release|Any CPU.Build.0 = Release|Any CPU
		{B7961F7B-DBCA-4B16-8056-48E0B9FA7170}.Debug|Any CPU.ActiveCfg = Debug|Any CPU
		{B7961F7B-DBCA-4B16-8056-48E0B9FA7170}.Debug|Any CPU.Build.0 = Debug|Any CPU
		{B7961F7B-DBCA-4B16-8056-48E0B9FA7170}.Release|Any CPU.ActiveCfg = Release|Any CPU
		{B7961F7B-DBCA-4B16-8056-48E0B9FA7170}.Release|Any CPU.Build.0 = Release|Any CPU
		{44B3DA2A-2CFD-4DC2-BFC6-CD06DA23A8E3}.Debug|Any CPU.ActiveCfg = Debug|Any CPU
		{44B3DA2A-2CFD-4DC2-BFC6-CD06DA23A8E3}.Debug|Any CPU.Build.0 = Debug|Any CPU
		{44B3DA2A-2CFD-4DC2-BFC6-CD06DA23A8E3}.Release|Any CPU.ActiveCfg = Release|Any CPU
		{44B3DA2A-2CFD-4DC2-BFC6-CD06DA23A8E3}.Release|Any CPU.Build.0 = Release|Any CPU
		{DB7ECECD-928D-4070-881A-CF63F6211A02}.Debug|Any CPU.ActiveCfg = Debug|Any CPU
		{DB7ECECD-928D-4070-881A-CF63F6211A02}.Debug|Any CPU.Build.0 = Debug|Any CPU
		{DB7ECECD-928D-4070-881A-CF63F6211A02}.Release|Any CPU.ActiveCfg = Release|Any CPU
		{DB7ECECD-928D-4070-881A-CF63F6211A02}.Release|Any CPU.Build.0 = Release|Any CPU
		{DBB29012-86A8-40E9-A023-B89A66F103CB}.Debug|Any CPU.ActiveCfg = Debug|Any CPU
		{DBB29012-86A8-40E9-A023-B89A66F103CB}.Debug|Any CPU.Build.0 = Debug|Any CPU
		{DBB29012-86A8-40E9-A023-B89A66F103CB}.Release|Any CPU.ActiveCfg = Release|Any CPU
		{DBB29012-86A8-40E9-A023-B89A66F103CB}.Release|Any CPU.Build.0 = Release|Any CPU
		{050E1451-AF71-45D0-929D-81ABFFE12AB8}.Debug|Any CPU.ActiveCfg = Debug|Any CPU
		{050E1451-AF71-45D0-929D-81ABFFE12AB8}.Debug|Any CPU.Build.0 = Debug|Any CPU
		{050E1451-AF71-45D0-929D-81ABFFE12AB8}.Release|Any CPU.ActiveCfg = Release|Any CPU
		{050E1451-AF71-45D0-929D-81ABFFE12AB8}.Release|Any CPU.Build.0 = Release|Any CPU
		{3894AF59-0D10-4357-8AC9-B8DC075A2C6C}.Debug|Any CPU.ActiveCfg = Debug|Any CPU
		{3894AF59-0D10-4357-8AC9-B8DC075A2C6C}.Debug|Any CPU.Build.0 = Debug|Any CPU
		{3894AF59-0D10-4357-8AC9-B8DC075A2C6C}.Release|Any CPU.ActiveCfg = Release|Any CPU
		{3894AF59-0D10-4357-8AC9-B8DC075A2C6C}.Release|Any CPU.Build.0 = Release|Any CPU
		{4118BBD7-61EA-476C-8F13-573B5CD59258}.Debug|Any CPU.ActiveCfg = Debug|Any CPU
		{4118BBD7-61EA-476C-8F13-573B5CD59258}.Debug|Any CPU.Build.0 = Debug|Any CPU
		{4118BBD7-61EA-476C-8F13-573B5CD59258}.Release|Any CPU.ActiveCfg = Release|Any CPU
		{4118BBD7-61EA-476C-8F13-573B5CD59258}.Release|Any CPU.Build.0 = Release|Any CPU
		{03F0FBCA-A6D2-455B-AE34-90506FE97557}.Debug|Any CPU.ActiveCfg = Debug|Any CPU
		{03F0FBCA-A6D2-455B-AE34-90506FE97557}.Debug|Any CPU.Build.0 = Debug|Any CPU
		{03F0FBCA-A6D2-455B-AE34-90506FE97557}.Release|Any CPU.ActiveCfg = Release|Any CPU
		{03F0FBCA-A6D2-455B-AE34-90506FE97557}.Release|Any CPU.Build.0 = Release|Any CPU
		{F865451D-EF4F-49B2-8A94-5A05624CA4D3}.Debug|Any CPU.ActiveCfg = Debug|Any CPU
		{F865451D-EF4F-49B2-8A94-5A05624CA4D3}.Debug|Any CPU.Build.0 = Debug|Any CPU
		{F865451D-EF4F-49B2-8A94-5A05624CA4D3}.Release|Any CPU.ActiveCfg = Release|Any CPU
		{F865451D-EF4F-49B2-8A94-5A05624CA4D3}.Release|Any CPU.Build.0 = Release|Any CPU
		{23BF5EA4-FA0C-4170-AE06-09C979A9216A}.Debug|Any CPU.ActiveCfg = Debug|Any CPU
		{23BF5EA4-FA0C-4170-AE06-09C979A9216A}.Debug|Any CPU.Build.0 = Debug|Any CPU
		{23BF5EA4-FA0C-4170-AE06-09C979A9216A}.Release|Any CPU.ActiveCfg = Release|Any CPU
		{23BF5EA4-FA0C-4170-AE06-09C979A9216A}.Release|Any CPU.Build.0 = Release|Any CPU
		{D084AF0B-1A28-49B3-8867-B78890BA825F}.Debug|Any CPU.ActiveCfg = Debug|Any CPU
		{D084AF0B-1A28-49B3-8867-B78890BA825F}.Debug|Any CPU.Build.0 = Debug|Any CPU
		{D084AF0B-1A28-49B3-8867-B78890BA825F}.Release|Any CPU.ActiveCfg = Release|Any CPU
		{D084AF0B-1A28-49B3-8867-B78890BA825F}.Release|Any CPU.Build.0 = Release|Any CPU
		{63F60389-B23F-4EE4-89B0-F375E9638EDF}.Debug|Any CPU.ActiveCfg = Debug|Any CPU
		{63F60389-B23F-4EE4-89B0-F375E9638EDF}.Debug|Any CPU.Build.0 = Debug|Any CPU
		{63F60389-B23F-4EE4-89B0-F375E9638EDF}.Release|Any CPU.ActiveCfg = Release|Any CPU
		{63F60389-B23F-4EE4-89B0-F375E9638EDF}.Release|Any CPU.Build.0 = Release|Any CPU
		{F4F8F498-C161-4FCD-A9F2-44E9D3D80996}.Debug|Any CPU.ActiveCfg = Debug|Any CPU
		{F4F8F498-C161-4FCD-A9F2-44E9D3D80996}.Debug|Any CPU.Build.0 = Debug|Any CPU
		{F4F8F498-C161-4FCD-A9F2-44E9D3D80996}.Release|Any CPU.ActiveCfg = Release|Any CPU
		{F4F8F498-C161-4FCD-A9F2-44E9D3D80996}.Release|Any CPU.Build.0 = Release|Any CPU
		{41497D28-4D3A-4677-8B2E-B010DB1A5C6D}.Debug|Any CPU.ActiveCfg = Debug|Any CPU
		{41497D28-4D3A-4677-8B2E-B010DB1A5C6D}.Debug|Any CPU.Build.0 = Debug|Any CPU
		{41497D28-4D3A-4677-8B2E-B010DB1A5C6D}.Release|Any CPU.ActiveCfg = Release|Any CPU
		{41497D28-4D3A-4677-8B2E-B010DB1A5C6D}.Release|Any CPU.Build.0 = Release|Any CPU
		{2F05D043-A209-4A93-B42F-4BD3131D8975}.Debug|Any CPU.ActiveCfg = Debug|Any CPU
		{2F05D043-A209-4A93-B42F-4BD3131D8975}.Debug|Any CPU.Build.0 = Debug|Any CPU
		{2F05D043-A209-4A93-B42F-4BD3131D8975}.Release|Any CPU.ActiveCfg = Release|Any CPU
		{2F05D043-A209-4A93-B42F-4BD3131D8975}.Release|Any CPU.Build.0 = Release|Any CPU
		{2101029F-215D-4E80-A65A-DA25D43BC108}.Debug|Any CPU.ActiveCfg = Debug|Any CPU
		{2101029F-215D-4E80-A65A-DA25D43BC108}.Debug|Any CPU.Build.0 = Debug|Any CPU
		{2101029F-215D-4E80-A65A-DA25D43BC108}.Release|Any CPU.ActiveCfg = Release|Any CPU
		{2101029F-215D-4E80-A65A-DA25D43BC108}.Release|Any CPU.Build.0 = Release|Any CPU
		{8BE233E4-7F46-452D-A231-DE20CF40A96E}.Debug|Any CPU.ActiveCfg = Debug|Any CPU
		{8BE233E4-7F46-452D-A231-DE20CF40A96E}.Debug|Any CPU.Build.0 = Debug|Any CPU
		{8BE233E4-7F46-452D-A231-DE20CF40A96E}.Release|Any CPU.ActiveCfg = Release|Any CPU
		{8BE233E4-7F46-452D-A231-DE20CF40A96E}.Release|Any CPU.Build.0 = Release|Any CPU
		{FCBDD7F9-581C-474E-9AE6-4E7374C14A68}.Debug|Any CPU.ActiveCfg = Debug|Any CPU
		{FCBDD7F9-581C-474E-9AE6-4E7374C14A68}.Debug|Any CPU.Build.0 = Debug|Any CPU
		{FCBDD7F9-581C-474E-9AE6-4E7374C14A68}.Release|Any CPU.ActiveCfg = Release|Any CPU
		{FCBDD7F9-581C-474E-9AE6-4E7374C14A68}.Release|Any CPU.Build.0 = Release|Any CPU
		{E3C37C84-B44F-4235-98A0-7902B5E4E27F}.Debug|Any CPU.ActiveCfg = Debug|Any CPU
		{E3C37C84-B44F-4235-98A0-7902B5E4E27F}.Debug|Any CPU.Build.0 = Debug|Any CPU
		{E3C37C84-B44F-4235-98A0-7902B5E4E27F}.Release|Any CPU.ActiveCfg = Release|Any CPU
		{E3C37C84-B44F-4235-98A0-7902B5E4E27F}.Release|Any CPU.Build.0 = Release|Any CPU
		{DD2D0D55-269E-44B0-A387-DEC6E6B70A1C}.Debug|Any CPU.ActiveCfg = Debug|Any CPU
		{DD2D0D55-269E-44B0-A387-DEC6E6B70A1C}.Debug|Any CPU.Build.0 = Debug|Any CPU
		{DD2D0D55-269E-44B0-A387-DEC6E6B70A1C}.Release|Any CPU.ActiveCfg = Release|Any CPU
		{DD2D0D55-269E-44B0-A387-DEC6E6B70A1C}.Release|Any CPU.Build.0 = Release|Any CPU
		{D61235E8-B495-4A3A-91F5-C220FC5BC0D1}.Debug|Any CPU.ActiveCfg = Debug|Any CPU
		{D61235E8-B495-4A3A-91F5-C220FC5BC0D1}.Debug|Any CPU.Build.0 = Debug|Any CPU
		{D61235E8-B495-4A3A-91F5-C220FC5BC0D1}.Release|Any CPU.ActiveCfg = Release|Any CPU
		{D61235E8-B495-4A3A-91F5-C220FC5BC0D1}.Release|Any CPU.Build.0 = Release|Any CPU
		{24CD0317-304B-4B0E-B531-17B85CFA0B3C}.Debug|Any CPU.ActiveCfg = Debug|Any CPU
		{24CD0317-304B-4B0E-B531-17B85CFA0B3C}.Debug|Any CPU.Build.0 = Debug|Any CPU
		{24CD0317-304B-4B0E-B531-17B85CFA0B3C}.Release|Any CPU.ActiveCfg = Release|Any CPU
		{24CD0317-304B-4B0E-B531-17B85CFA0B3C}.Release|Any CPU.Build.0 = Release|Any CPU
		{09F6A3B9-F598-448E-9863-81748CD645C2}.Debug|Any CPU.ActiveCfg = Debug|Any CPU
		{09F6A3B9-F598-448E-9863-81748CD645C2}.Debug|Any CPU.Build.0 = Debug|Any CPU
		{09F6A3B9-F598-448E-9863-81748CD645C2}.Release|Any CPU.ActiveCfg = Release|Any CPU
		{09F6A3B9-F598-448E-9863-81748CD645C2}.Release|Any CPU.Build.0 = Release|Any CPU
		{5433C507-3A62-4396-B58D-3AD93FD514F2}.Debug|Any CPU.ActiveCfg = Debug|Any CPU
		{5433C507-3A62-4396-B58D-3AD93FD514F2}.Debug|Any CPU.Build.0 = Debug|Any CPU
		{5433C507-3A62-4396-B58D-3AD93FD514F2}.Release|Any CPU.ActiveCfg = Release|Any CPU
		{5433C507-3A62-4396-B58D-3AD93FD514F2}.Release|Any CPU.Build.0 = Release|Any CPU
		{FB100CF6-ADBC-4E52-AC05-0D9A46A0AFBF}.Debug|Any CPU.ActiveCfg = Debug|Any CPU
		{FB100CF6-ADBC-4E52-AC05-0D9A46A0AFBF}.Debug|Any CPU.Build.0 = Debug|Any CPU
		{FB100CF6-ADBC-4E52-AC05-0D9A46A0AFBF}.Release|Any CPU.ActiveCfg = Release|Any CPU
		{FB100CF6-ADBC-4E52-AC05-0D9A46A0AFBF}.Release|Any CPU.Build.0 = Release|Any CPU
	EndGlobalSection
	GlobalSection(SolutionProperties) = preSolution
		HideSolutionNode = FALSE
	EndGlobalSection
	GlobalSection(NestedProjects) = preSolution
		{D20185FC-955F-4D3C-95B4-59664709AD30} = {F7B708AD-0C18-4676-824F-E67092F7C060}
		{D15BE7B4-46A5-4FAD-82A3-E9D389842BEA} = {F7B708AD-0C18-4676-824F-E67092F7C060}
		{D22BDBF5-5261-4012-AADD-4AC4EEE40AB5} = {F7B708AD-0C18-4676-824F-E67092F7C060}
		{61B74B50-C8A1-4919-A128-7010F00B5C2F} = {A10CA022-3550-4080-BD74-7CAD5284904B}
		{4D99DA78-E50F-4C04-8CC5-8E6889EEFF2D} = {F7B708AD-0C18-4676-824F-E67092F7C060}
		{40C67157-44D6-43EC-A7D8-1EAEAA4C3E81} = {F7B708AD-0C18-4676-824F-E67092F7C060}
		{C56614FD-5984-4288-ACD2-B380305E80FD} = {A10CA022-3550-4080-BD74-7CAD5284904B}
		{7009A923-E70E-4BCC-A6F5-553D00E38143} = {F7B708AD-0C18-4676-824F-E67092F7C060}
		{9347716C-8546-453C-9EA7-D73F8313E9D5} = {F7B708AD-0C18-4676-824F-E67092F7C060}
		{5B721532-C9BD-4A75-9423-1E4898AB2343} = {A10CA022-3550-4080-BD74-7CAD5284904B}
		{BFE51D7B-8441-4289-886D-2DFC0D5E2CC7} = {A10CA022-3550-4080-BD74-7CAD5284904B}
		{E29FC0B2-9E81-4763-AC8D-D214BDBB5D9D} = {A10CA022-3550-4080-BD74-7CAD5284904B}
		{368110DE-A0E6-411F-9C66-23B1CF2BD3DD} = {A10CA022-3550-4080-BD74-7CAD5284904B}
		{6FA519B7-41B6-4B0E-AA1F-CD5B933AC884} = {A10CA022-3550-4080-BD74-7CAD5284904B}
		{F476C264-D2CB-44F4-ADA8-C767500D9135} = {06CAE200-3DC1-47C0-9AE6-75A0211CE864}
		{5F00C3D4-236B-499D-A1C7-A2FD5F50503D} = {06CAE200-3DC1-47C0-9AE6-75A0211CE864}
		{503DACFF-F4D6-4E4F-956A-BBCF7F0698D5} = {06CAE200-3DC1-47C0-9AE6-75A0211CE864}
		{00098893-A306-4422-8AC0-E9A32938E1B8} = {06CAE200-3DC1-47C0-9AE6-75A0211CE864}
		{164CFA18-A3E5-463B-B637-4CA7FE3B3F8F} = {06CAE200-3DC1-47C0-9AE6-75A0211CE864}
		{1BE9CD35-415D-4ED7-9766-64D7884F54C1} = {A10CA022-3550-4080-BD74-7CAD5284904B}
		{9579F803-0550-4999-9118-62A1D13B251D} = {A10CA022-3550-4080-BD74-7CAD5284904B}
		{BE0DE124-8D74-4F07-8642-2E89DE103B92} = {06CAE200-3DC1-47C0-9AE6-75A0211CE864}
		{C572A524-3958-47D9-B0DE-EC81EC0B7757} = {9250B291-9C4F-40E7-8F19-4DD4BEC2DCE4}
		{564706CB-FDD3-4F35-B7E2-B3B6A3CC91FE} = {9250B291-9C4F-40E7-8F19-4DD4BEC2DCE4}
		{2506556B-4900-475C-A6B2-0A306DD4F458} = {9250B291-9C4F-40E7-8F19-4DD4BEC2DCE4}
		{B633FA9F-6874-47C0-B1E4-9C2D68BCDF02} = {9250B291-9C4F-40E7-8F19-4DD4BEC2DCE4}
		{58E5CE0B-4AA6-4CC5-B8A9-71811B9FD028} = {9250B291-9C4F-40E7-8F19-4DD4BEC2DCE4}
		{9E749B36-C270-44AA-813E-6A4E96A60C68} = {9250B291-9C4F-40E7-8F19-4DD4BEC2DCE4}
		{3953867A-205B-40D7-8B5B-58EC60B4737A} = {9250B291-9C4F-40E7-8F19-4DD4BEC2DCE4}
		{3933903A-1102-4A1D-AF2E-C933650ED302} = {9250B291-9C4F-40E7-8F19-4DD4BEC2DCE4}
		{32876BA4-531C-4E4C-91DF-64407B34A6BA} = {9250B291-9C4F-40E7-8F19-4DD4BEC2DCE4}
		{B7961F7B-DBCA-4B16-8056-48E0B9FA7170} = {9250B291-9C4F-40E7-8F19-4DD4BEC2DCE4}
		{44B3DA2A-2CFD-4DC2-BFC6-CD06DA23A8E3} = {9250B291-9C4F-40E7-8F19-4DD4BEC2DCE4}
		{DB7ECECD-928D-4070-881A-CF63F6211A02} = {9250B291-9C4F-40E7-8F19-4DD4BEC2DCE4}
		{DBB29012-86A8-40E9-A023-B89A66F103CB} = {06CAE200-3DC1-47C0-9AE6-75A0211CE864}
		{050E1451-AF71-45D0-929D-81ABFFE12AB8} = {A10CA022-3550-4080-BD74-7CAD5284904B}
		{3894AF59-0D10-4357-8AC9-B8DC075A2C6C} = {06CAE200-3DC1-47C0-9AE6-75A0211CE864}
		{03F0FBCA-A6D2-455B-AE34-90506FE97557} = {06CAE200-3DC1-47C0-9AE6-75A0211CE864}
		{F865451D-EF4F-49B2-8A94-5A05624CA4D3} = {857A18AA-8199-463D-BEDB-C8B0AD258B9C}
		{23BF5EA4-FA0C-4170-AE06-09C979A9216A} = {857A18AA-8199-463D-BEDB-C8B0AD258B9C}
		{D084AF0B-1A28-49B3-8867-B78890BA825F} = {857A18AA-8199-463D-BEDB-C8B0AD258B9C}
		{63F60389-B23F-4EE4-89B0-F375E9638EDF} = {857A18AA-8199-463D-BEDB-C8B0AD258B9C}
		{F4F8F498-C161-4FCD-A9F2-44E9D3D80996} = {857A18AA-8199-463D-BEDB-C8B0AD258B9C}
		{41497D28-4D3A-4677-8B2E-B010DB1A5C6D} = {857A18AA-8199-463D-BEDB-C8B0AD258B9C}
		{2F05D043-A209-4A93-B42F-4BD3131D8975} = {857A18AA-8199-463D-BEDB-C8B0AD258B9C}
		{2101029F-215D-4E80-A65A-DA25D43BC108} = {857A18AA-8199-463D-BEDB-C8B0AD258B9C}
		{8BE233E4-7F46-452D-A231-DE20CF40A96E} = {857A18AA-8199-463D-BEDB-C8B0AD258B9C}
		{FCBDD7F9-581C-474E-9AE6-4E7374C14A68} = {857A18AA-8199-463D-BEDB-C8B0AD258B9C}
		{E3C37C84-B44F-4235-98A0-7902B5E4E27F} = {857A18AA-8199-463D-BEDB-C8B0AD258B9C}
		{DD2D0D55-269E-44B0-A387-DEC6E6B70A1C} = {857A18AA-8199-463D-BEDB-C8B0AD258B9C}
		{D61235E8-B495-4A3A-91F5-C220FC5BC0D1} = {857A18AA-8199-463D-BEDB-C8B0AD258B9C}
		{24CD0317-304B-4B0E-B531-17B85CFA0B3C} = {340999FF-C276-427D-B83A-A120388FB6D8}
		{09F6A3B9-F598-448E-9863-81748CD645C2} = {340999FF-C276-427D-B83A-A120388FB6D8}
		{5433C507-3A62-4396-B58D-3AD93FD514F2} = {340999FF-C276-427D-B83A-A120388FB6D8}
	EndGlobalSection
EndGlobal
